
Microsoft Visual Studio Solution File, Format Version 12.00
# Visual Studio Version 17
VisualStudioVersion = 17.9.34701.34
MinimumVisualStudioVersion = 10.0.40219.1
Project("{FAE04EC0-301F-11D3-BF4B-00C04F79EFBC}") = "DoAnNhom6", "DoAnNhom6\DoAnNhom6.csproj", "{2631526E-D2AA-43CA-B108-6EABBBEA95B9}"
EndProject
Global
	GlobalSection(SolutionConfigurationPlatforms) = preSolution
		Debug|Any CPU = Debug|Any CPU
		Release|Any CPU = Release|Any CPU
	EndGlobalSection
	GlobalSection(ProjectConfigurationPlatforms) = postSolution
		{2631526E-D2AA-43CA-B108-6EABBBEA95B9}.Debug|Any CPU.ActiveCfg = Debug|Any CPU
		{2631526E-D2AA-43CA-B108-6EABBBEA95B9}.Debug|Any CPU.Build.0 = Debug|Any CPU
		{2631526E-D2AA-43CA-B108-6EABBBEA95B9}.Release|Any CPU.ActiveCfg = Release|Any CPU
		{2631526E-D2AA-43CA-B108-6EABBBEA95B9}.Release|Any CPU.Build.0 = Release|Any CPU
	EndGlobalSection
	GlobalSection(SolutionProperties) = preSolution
		HideSolutionNode = FALSE
	EndGlobalSection
	GlobalSection(ExtensibilityGlobals) = postSolution
		SolutionGuid = {245E13C3-9E47-4545-8E75-795E40F0BB4D}
	EndGlobalSection
EndGlobal
